
Microsoft Visual Studio Solution File, Format Version 12.00
# Visual Studio Version 17
VisualStudioVersion = 17.8.34316.72
MinimumVisualStudioVersion = 10.0.40219.1
Project("{FAE04EC0-301F-11D3-BF4B-00C04F79EFBC}") = "Task3_printing_3_welcome_msgs", "Task3_printing_3_welcome_msgs.csproj", "{3EBA2A87-A90F-40A5-AEC1-A94BA963847B}"
EndProject
Global
	GlobalSection(SolutionConfigurationPlatforms) = preSolution
		Debug|Any CPU = Debug|Any CPU
		Release|Any CPU = Release|Any CPU
	EndGlobalSection
	GlobalSection(ProjectConfigurationPlatforms) = postSolution
		{3EBA2A87-A90F-40A5-AEC1-A94BA963847B}.Debug|Any CPU.ActiveCfg = Debug|Any CPU
		{3EBA2A87-A90F-40A5-AEC1-A94BA963847B}.Debug|Any CPU.Build.0 = Debug|Any CPU
		{3EBA2A87-A90F-40A5-AEC1-A94BA963847B}.Release|Any CPU.ActiveCfg = Release|Any CPU
		{3EBA2A87-A90F-40A5-AEC1-A94BA963847B}.Release|Any CPU.Build.0 = Release|Any CPU
	EndGlobalSection
	GlobalSection(SolutionProperties) = preSolution
		HideSolutionNode = FALSE
	EndGlobalSection
	GlobalSection(ExtensibilityGlobals) = postSolution
		SolutionGuid = {D4455829-8ED8-45B9-BD1B-94FE64D66977}
	EndGlobalSection
EndGlobal
